
Microsoft Visual Studio Solution File, Format Version 12.00
# Visual Studio Version 16
VisualStudioVersion = 16.0.29326.143
MinimumVisualStudioVersion = 10.0.40219.1
Project("{8BC9CEB8-8B4A-11D0-8D11-00A0C91BC942}") = "meshlib-master_x64", "meshlib-master_x64.vcxproj", "{B5BC7CDB-852C-4C24-8B73-114DCD2F5314}"
EndProject
Global
	GlobalSection(SolutionConfigurationPlatforms) = preSolution
		Debug|x64 = Debug|x64
		Release|x64 = Release|x64
	EndGlobalSection
	GlobalSection(ProjectConfigurationPlatforms) = postSolution
		{B5BC7CDB-852C-4C24-8B73-114DCD2F5314}.Debug|x64.ActiveCfg = Debug|x64
		{B5BC7CDB-852C-4C24-8B73-114DCD2F5314}.Debug|x64.Build.0 = Debug|x64
		{B5BC7CDB-852C-4C24-8B73-114DCD2F5314}.Release|x64.ActiveCfg = Release|x64
		{B5BC7CDB-852C-4C24-8B73-114DCD2F5314}.Release|x64.Build.0 = Release|x64
	EndGlobalSection
	GlobalSection(SolutionProperties) = preSolution
		HideSolutionNode = FALSE
	EndGlobalSection
	GlobalSection(ExtensibilityGlobals) = postSolution
		SolutionGuid = {2738C4E7-8F81-41C3-9DC2-B92263AF44E5}
	EndGlobalSection
EndGlobal
