<?xml version="1.0" encoding="UTF-8" standalone="yes" ?>
<CodeBlocks_project_file>
	<FileVersion major="1" minor="6" />
	<Project>
		<Option title="meshlib_x64" />
		<Option pch_mode="2" />
		<Option compiler="gcc" />
		<MakeCommands>
			<Build command="" />
			<CompileFile command="" />
			<Clean command="" />
			<DistClean command="" />
			<AskRebuildNeeded command="" />
			<SilentBuild command=" &gt; $(CMD_NULL)" />
		</MakeCommands>
		<Build>
			<Target title="Debug">
				<Option output="bin/x64/Debug/meshlib" prefix_auto="1" extension_auto="1" />
				<Option working_dir="bin/x64/Debug" />
				<Option object_output="obj/x64/Debug/" />
				<Option type="3" />
				<Option compiler="gcc" />
				<Option createDefFile="1" />
				<Linker>
					<Add option="-lopengl32 -lglu32 -fopenmp" />
				</Linker>
				<MakeCommands>
					<Build command="" />
					<CompileFile command="" />
					<Clean command="" />
					<DistClean command="" />
					<AskRebuildNeeded command="" />
					<SilentBuild command=" &gt; $(CMD_NULL)" />
				</MakeCommands>
			</Target>
			<Target title="Release">
				<Option output="bin/x64/Release/meshlib" prefix_auto="1" extension_auto="1" />
				<Option working_dir="bin/x64/Release" />
				<Option object_output="obj/x64/Release/" />
				<Option type="3" />
				<Option compiler="gcc" />
				<Option createDefFile="1" />
				<Compiler>
					<Add option="-march=native" />
					<Add option="-O2" />
					<Add option="-Wall" />
					<Add option="-fopenmp" />
				</Compiler>
				<Linker>
					<Add option="-s" />
					<Add option="-lopengl32 -lglu32 -fopenmp" />
				</Linker>
			</Target>
		</Build>
		<Compiler>
		</Compiler>
		<Linker>
			<Add library="glu32" />
			<Add library="opengl32" />
		</Linker>
		<Unit filename="include/meshlib.h" />
		<Unit filename="resources/resource.rc">
			<Option compilerVar="WINDRES" />
		</Unit>
		<Unit filename="src/meshcalc.c">
			<Option compilerVar="CC" />
		</Unit>
		<Unit filename="src/meshclean.c">
			<Option compilerVar="CC" />
		</Unit>
		<Unit filename="src/meshcreate.c">
			<Option compilerVar="CC" />
		</Unit>
		<Unit filename="src/meshdraw.c">
			<Option compilerVar="CC" />
		</Unit>
		<Unit filename="src/mesherror.c">
			<Option compilerVar="CC" />
		</Unit>
		<Unit filename="src/meshfilter.c">
			<Option compilerVar="CC" />
		</Unit>
		<Unit filename="src/meshload.c">
			<Option compilerVar="CC" />
		</Unit>
		<Unit filename="src/meshops.c">
			<Option compilerVar="CC" />
		</Unit>
		<Unit filename="src/meshrand.c">
			<Option compilerVar="CC" />
		</Unit>
		<Unit filename="src/meshsave.c">
			<Option compilerVar="CC" />
		</Unit>
		<Unit filename="src/meshtext.c">
			<Option compilerVar="CC" />
		</Unit>
		<Unit filename="src/meshtransform.c">
			<Option compilerVar="CC" />
		</Unit>
		<Extensions>
			<code_completion />
			<envvars />
			<debugger />
			<fortran_project />
		</Extensions>
	</Project>
</CodeBlocks_project_file>
